
Microsoft Visual Studio Solution File, Format Version 12.00
# Visual Studio Version 17
VisualStudioVersion = 17.4.33110.190
MinimumVisualStudioVersion = 10.0.40219.1
Project("{FAE04EC0-301F-11D3-BF4B-00C04F79EFBC}") = "WorkWithJSON", "WorkWithJSON.csproj", "{B58C3998-AF8B-4962-877B-3A237DD1F830}"
EndProject
Global
	GlobalSection(SolutionConfigurationPlatforms) = preSolution
		Debug|Any CPU = Debug|Any CPU
		Release|Any CPU = Release|Any CPU
	EndGlobalSection
	GlobalSection(ProjectConfigurationPlatforms) = postSolution
		{B58C3998-AF8B-4962-877B-3A237DD1F830}.Debug|Any CPU.ActiveCfg = Debug|Any CPU
		{B58C3998-AF8B-4962-877B-3A237DD1F830}.Debug|Any CPU.Build.0 = Debug|Any CPU
		{B58C3998-AF8B-4962-877B-3A237DD1F830}.Release|Any CPU.ActiveCfg = Release|Any CPU
		{B58C3998-AF8B-4962-877B-3A237DD1F830}.Release|Any CPU.Build.0 = Release|Any CPU
	EndGlobalSection
	GlobalSection(SolutionProperties) = preSolution
		HideSolutionNode = FALSE
	EndGlobalSection
	GlobalSection(ExtensibilityGlobals) = postSolution
		SolutionGuid = {7CF1A9A7-4D24-41EC-A9AF-2E4B3798DC2E}
	EndGlobalSection
EndGlobal
